
Microsoft Visual Studio Solution File, Format Version 12.00
# Visual Studio Version 17
VisualStudioVersion = 17.0.31919.166
MinimumVisualStudioVersion = 10.0.40219.1
Project("{FAE04EC0-301F-11D3-BF4B-00C04F79EFBC}") = "Boleteria-Final", "Boleteria-Final.csproj", "{DAE41F80-74C8-4D53-8351-8E46D2127CC8}"
EndProject
Global
	GlobalSection(SolutionConfigurationPlatforms) = preSolution
		Debug|Any CPU = Debug|Any CPU
		Release|Any CPU = Release|Any CPU
	EndGlobalSection
	GlobalSection(ProjectConfigurationPlatforms) = postSolution
		{DAE41F80-74C8-4D53-8351-8E46D2127CC8}.Debug|Any CPU.ActiveCfg = Debug|Any CPU
		{DAE41F80-74C8-4D53-8351-8E46D2127CC8}.Debug|Any CPU.Build.0 = Debug|Any CPU
		{DAE41F80-74C8-4D53-8351-8E46D2127CC8}.Release|Any CPU.ActiveCfg = Release|Any CPU
		{DAE41F80-74C8-4D53-8351-8E46D2127CC8}.Release|Any CPU.Build.0 = Release|Any CPU
	EndGlobalSection
	GlobalSection(SolutionProperties) = preSolution
		HideSolutionNode = FALSE
	EndGlobalSection
	GlobalSection(ExtensibilityGlobals) = postSolution
		SolutionGuid = {6D801119-4451-47E1-B326-1F7177D5F359}
	EndGlobalSection
EndGlobal
